
Microsoft Visual Studio Solution File, Format Version 12.00
# Visual Studio Version 17
VisualStudioVersion = 17.1.32228.430
MinimumVisualStudioVersion = 10.0.40219.1
Project("{FAE04EC0-301F-11D3-BF4B-00C04F79EFBC}") = "S8-CLASES2", "ConsoleAppVehiculos\S8-CLASES2.csproj", "{0340EE70-ECE5-4560-A84F-5D8F21A08551}"
EndProject
Project("{FAE04EC0-301F-11D3-BF4B-00C04F79EFBC}") = "S4bool", "S4bool\S4bool.csproj", "{CED311CA-E97C-4E74-9C5D-DA19F3CE5849}"
EndProject
Project("{FAE04EC0-301F-11D3-BF4B-00C04F79EFBC}") = "S4numeros", "S4numeros\S4numeros.csproj", "{2CF9E8C0-D820-46F5-BE1B-1D47E590C24C}"
EndProject
Project("{FAE04EC0-301F-11D3-BF4B-00C04F79EFBC}") = "S4string", "S4string\S4string.csproj", "{498E7261-5D4D-4487-9686-82C94B1D37FD}"
EndProject
Project("{FAE04EC0-301F-11D3-BF4B-00C04F79EFBC}") = "S4Enum", "S4Enum\S4Enum.csproj", "{75B5A896-B93D-4C43-B2C9-B0779AF9FC24}"
EndProject
Project("{FAE04EC0-301F-11D3-BF4B-00C04F79EFBC}") = "S4Struct", "S4Struct\S4Struct.csproj", "{317146E4-75DA-48AD-88F5-0AEB2942EBB9}"
EndProject
Project("{FAE04EC0-301F-11D3-BF4B-00C04F79EFBC}") = "S6-EC-IF", "S6-EstructurasControl\S6-EC-IF.csproj", "{9AAA50BD-2D2C-48B8-B459-1A606F56B681}"
EndProject
Project("{FAE04EC0-301F-11D3-BF4B-00C04F79EFBC}") = "S6-EC-SWITCH", "S6-EC-SWITCH\S6-EC-SWITCH.csproj", "{E420A5E8-B21F-4DCF-AA01-0CCE02E5FF30}"
EndProject
Project("{FAE04EC0-301F-11D3-BF4B-00C04F79EFBC}") = "S6-EC-BREAK", "S6-EC-BREAK\S6-EC-BREAK.csproj", "{5518A25F-CA48-48C5-B233-DA6E6A28F90E}"
EndProject
Project("{FAE04EC0-301F-11D3-BF4B-00C04F79EFBC}") = "S6-EC-LOOPS", "S6-EC-LOOPS\S6-EC-LOOPS.csproj", "{BA1E1749-4D7D-485B-A2F1-424EB8EF7E07}"
EndProject
Project("{FAE04EC0-301F-11D3-BF4B-00C04F79EFBC}") = "S7-ED-ARRAY", "S7-ED-ARRAY\S7-ED-ARRAY.csproj", "{5ED79248-0129-4FEF-933A-C7832483AD2E}"
EndProject
Project("{FAE04EC0-301F-11D3-BF4B-00C04F79EFBC}") = "S7-ED-QUEUE", "S7-ED-QUEUE\S7-ED-QUEUE.csproj", "{2C9D0725-7CEF-42E7-AF4A-1447C1F8430E}"
EndProject
Project("{FAE04EC0-301F-11D3-BF4B-00C04F79EFBC}") = "S7-ED-STACK", "S7-ED-STACK\S7-ED-STACK.csproj", "{E968C00A-2DF8-4A72-93B5-D7C27E1D0442}"
EndProject
Project("{FAE04EC0-301F-11D3-BF4B-00C04F79EFBC}") = "S7-ED-LIST", "S7-ED-LIST\S7-ED-LIST.csproj", "{2D9AD1B8-E163-44B1-8B1E-5FD2E96D7105}"
EndProject
Project("{FAE04EC0-301F-11D3-BF4B-00C04F79EFBC}") = "S7-ED-MULTI_ARRAY", "S7-ED-MULTI_ARRAY\S7-ED-MULTI_ARRAY.csproj", "{0D225204-1C13-472F-8505-FFB858FF53DC}"
EndProject
Project("{FAE04EC0-301F-11D3-BF4B-00C04F79EFBC}") = "S7-ED-JAGGED_ARRAY", "S7-ED-JAGGED_ARRAY\S7-ED-JAGGED_ARRAY.csproj", "{83FDD3D6-BE9C-4C2B-90D4-D4F3EA223058}"
EndProject
Global
	GlobalSection(SolutionConfigurationPlatforms) = preSolution
		Debug|Any CPU = Debug|Any CPU
		Release|Any CPU = Release|Any CPU
	EndGlobalSection
	GlobalSection(ProjectConfigurationPlatforms) = postSolution
		{0340EE70-ECE5-4560-A84F-5D8F21A08551}.Debug|Any CPU.ActiveCfg = Debug|Any CPU
		{0340EE70-ECE5-4560-A84F-5D8F21A08551}.Debug|Any CPU.Build.0 = Debug|Any CPU
		{0340EE70-ECE5-4560-A84F-5D8F21A08551}.Release|Any CPU.ActiveCfg = Release|Any CPU
		{0340EE70-ECE5-4560-A84F-5D8F21A08551}.Release|Any CPU.Build.0 = Release|Any CPU
		{CED311CA-E97C-4E74-9C5D-DA19F3CE5849}.Debug|Any CPU.ActiveCfg = Debug|Any CPU
		{CED311CA-E97C-4E74-9C5D-DA19F3CE5849}.Debug|Any CPU.Build.0 = Debug|Any CPU
		{CED311CA-E97C-4E74-9C5D-DA19F3CE5849}.Release|Any CPU.ActiveCfg = Release|Any CPU
		{CED311CA-E97C-4E74-9C5D-DA19F3CE5849}.Release|Any CPU.Build.0 = Release|Any CPU
		{2CF9E8C0-D820-46F5-BE1B-1D47E590C24C}.Debug|Any CPU.ActiveCfg = Debug|Any CPU
		{2CF9E8C0-D820-46F5-BE1B-1D47E590C24C}.Debug|Any CPU.Build.0 = Debug|Any CPU
		{2CF9E8C0-D820-46F5-BE1B-1D47E590C24C}.Release|Any CPU.ActiveCfg = Release|Any CPU
		{2CF9E8C0-D820-46F5-BE1B-1D47E590C24C}.Release|Any CPU.Build.0 = Release|Any CPU
		{498E7261-5D4D-4487-9686-82C94B1D37FD}.Debug|Any CPU.ActiveCfg = Debug|Any CPU
		{498E7261-5D4D-4487-9686-82C94B1D37FD}.Debug|Any CPU.Build.0 = Debug|Any CPU
		{498E7261-5D4D-4487-9686-82C94B1D37FD}.Release|Any CPU.ActiveCfg = Release|Any CPU
		{498E7261-5D4D-4487-9686-82C94B1D37FD}.Release|Any CPU.Build.0 = Release|Any CPU
		{75B5A896-B93D-4C43-B2C9-B0779AF9FC24}.Debug|Any CPU.ActiveCfg = Debug|Any CPU
		{75B5A896-B93D-4C43-B2C9-B0779AF9FC24}.Debug|Any CPU.Build.0 = Debug|Any CPU
		{75B5A896-B93D-4C43-B2C9-B0779AF9FC24}.Release|Any CPU.ActiveCfg = Release|Any CPU
		{75B5A896-B93D-4C43-B2C9-B0779AF9FC24}.Release|Any CPU.Build.0 = Release|Any CPU
		{317146E4-75DA-48AD-88F5-0AEB2942EBB9}.Debug|Any CPU.ActiveCfg = Debug|Any CPU
		{317146E4-75DA-48AD-88F5-0AEB2942EBB9}.Debug|Any CPU.Build.0 = Debug|Any CPU
		{317146E4-75DA-48AD-88F5-0AEB2942EBB9}.Release|Any CPU.ActiveCfg = Release|Any CPU
		{317146E4-75DA-48AD-88F5-0AEB2942EBB9}.Release|Any CPU.Build.0 = Release|Any CPU
		{9AAA50BD-2D2C-48B8-B459-1A606F56B681}.Debug|Any CPU.ActiveCfg = Debug|Any CPU
		{9AAA50BD-2D2C-48B8-B459-1A606F56B681}.Debug|Any CPU.Build.0 = Debug|Any CPU
		{9AAA50BD-2D2C-48B8-B459-1A606F56B681}.Release|Any CPU.ActiveCfg = Release|Any CPU
		{9AAA50BD-2D2C-48B8-B459-1A606F56B681}.Release|Any CPU.Build.0 = Release|Any CPU
		{E420A5E8-B21F-4DCF-AA01-0CCE02E5FF30}.Debug|Any CPU.ActiveCfg = Debug|Any CPU
		{E420A5E8-B21F-4DCF-AA01-0CCE02E5FF30}.Debug|Any CPU.Build.0 = Debug|Any CPU
		{E420A5E8-B21F-4DCF-AA01-0CCE02E5FF30}.Release|Any CPU.ActiveCfg = Release|Any CPU
		{E420A5E8-B21F-4DCF-AA01-0CCE02E5FF30}.Release|Any CPU.Build.0 = Release|Any CPU
		{5518A25F-CA48-48C5-B233-DA6E6A28F90E}.Debug|Any CPU.ActiveCfg = Debug|Any CPU
		{5518A25F-CA48-48C5-B233-DA6E6A28F90E}.Debug|Any CPU.Build.0 = Debug|Any CPU
		{5518A25F-CA48-48C5-B233-DA6E6A28F90E}.Release|Any CPU.ActiveCfg = Release|Any CPU
		{5518A25F-CA48-48C5-B233-DA6E6A28F90E}.Release|Any CPU.Build.0 = Release|Any CPU
		{BA1E1749-4D7D-485B-A2F1-424EB8EF7E07}.Debug|Any CPU.ActiveCfg = Debug|Any CPU
		{BA1E1749-4D7D-485B-A2F1-424EB8EF7E07}.Debug|Any CPU.Build.0 = Debug|Any CPU
		{BA1E1749-4D7D-485B-A2F1-424EB8EF7E07}.Release|Any CPU.ActiveCfg = Release|Any CPU
		{BA1E1749-4D7D-485B-A2F1-424EB8EF7E07}.Release|Any CPU.Build.0 = Release|Any CPU
		{5ED79248-0129-4FEF-933A-C7832483AD2E}.Debug|Any CPU.ActiveCfg = Debug|Any CPU
		{5ED79248-0129-4FEF-933A-C7832483AD2E}.Debug|Any CPU.Build.0 = Debug|Any CPU
		{5ED79248-0129-4FEF-933A-C7832483AD2E}.Release|Any CPU.ActiveCfg = Release|Any CPU
		{5ED79248-0129-4FEF-933A-C7832483AD2E}.Release|Any CPU.Build.0 = Release|Any CPU
		{2C9D0725-7CEF-42E7-AF4A-1447C1F8430E}.Debug|Any CPU.ActiveCfg = Debug|Any CPU
		{2C9D0725-7CEF-42E7-AF4A-1447C1F8430E}.Debug|Any CPU.Build.0 = Debug|Any CPU
		{2C9D0725-7CEF-42E7-AF4A-1447C1F8430E}.Release|Any CPU.ActiveCfg = Release|Any CPU
		{2C9D0725-7CEF-42E7-AF4A-1447C1F8430E}.Release|Any CPU.Build.0 = Release|Any CPU
		{E968C00A-2DF8-4A72-93B5-D7C27E1D0442}.Debug|Any CPU.ActiveCfg = Debug|Any CPU
		{E968C00A-2DF8-4A72-93B5-D7C27E1D0442}.Debug|Any CPU.Build.0 = Debug|Any CPU
		{E968C00A-2DF8-4A72-93B5-D7C27E1D0442}.Release|Any CPU.ActiveCfg = Release|Any CPU
		{E968C00A-2DF8-4A72-93B5-D7C27E1D0442}.Release|Any CPU.Build.0 = Release|Any CPU
		{2D9AD1B8-E163-44B1-8B1E-5FD2E96D7105}.Debug|Any CPU.ActiveCfg = Debug|Any CPU
		{2D9AD1B8-E163-44B1-8B1E-5FD2E96D7105}.Debug|Any CPU.Build.0 = Debug|Any CPU
		{2D9AD1B8-E163-44B1-8B1E-5FD2E96D7105}.Release|Any CPU.ActiveCfg = Release|Any CPU
		{2D9AD1B8-E163-44B1-8B1E-5FD2E96D7105}.Release|Any CPU.Build.0 = Release|Any CPU
		{0D225204-1C13-472F-8505-FFB858FF53DC}.Debug|Any CPU.ActiveCfg = Debug|Any CPU
		{0D225204-1C13-472F-8505-FFB858FF53DC}.Debug|Any CPU.Build.0 = Debug|Any CPU
		{0D225204-1C13-472F-8505-FFB858FF53DC}.Release|Any CPU.ActiveCfg = Release|Any CPU
		{0D225204-1C13-472F-8505-FFB858FF53DC}.Release|Any CPU.Build.0 = Release|Any CPU
		{83FDD3D6-BE9C-4C2B-90D4-D4F3EA223058}.Debug|Any CPU.ActiveCfg = Debug|Any CPU
		{83FDD3D6-BE9C-4C2B-90D4-D4F3EA223058}.Debug|Any CPU.Build.0 = Debug|Any CPU
		{83FDD3D6-BE9C-4C2B-90D4-D4F3EA223058}.Release|Any CPU.ActiveCfg = Release|Any CPU
		{83FDD3D6-BE9C-4C2B-90D4-D4F3EA223058}.Release|Any CPU.Build.0 = Release|Any CPU
	EndGlobalSection
	GlobalSection(SolutionProperties) = preSolution
		HideSolutionNode = FALSE
	EndGlobalSection
	GlobalSection(ExtensibilityGlobals) = postSolution
		SolutionGuid = {2A428384-5F72-4807-A5E6-6BE75B012233}
	EndGlobalSection
EndGlobal
